// !$*UTF8*$!
{
	archiveVersion = 1;
	classes = {
	};
	objectVersion = 46;
	objects = {

/* Begin PBXBuildFile section */
		270343B118A5B12F00B9C0D4 /* FDDataClient.m in Sources */ = {isa = PBXBuildFile; fileRef = 270343AC18A5B0F500B9C0D4 /* FDDataClient.m */; };
		270343BF18A5B27600B9C0D4 /* FDDataClient.h in CopyFiles */ = {isa = PBXBuildFile; fileRef = 270343AB18A5B0F500B9C0D4 /* FDDataClient.h */; };
		271317C519B7A0750062E978 /* libFDRequestClient.a in Frameworks */ = {isa = PBXBuildFile; fileRef = 271317C019B7A0510062E978 /* libFDRequestClient.a */; };
		275E7D7118A5C3D800D8BB82 /* FDDataClientDelegate.h in CopyFiles */ = {isa = PBXBuildFile; fileRef = 275E7D7018A5C37B00D8BB82 /* FDDataClientDelegate.h */; };
		2771CCCD19B7AC51008A198A /* FDDataClientDelegate.h in Headers */ = {isa = PBXBuildFile; fileRef = 275E7D7018A5C37B00D8BB82 /* FDDataClientDelegate.h */; settings = {ATTRIBUTES = (Public, ); }; };
		2771CCCE19B7AC51008A198A /* FDDataClient.h in Headers */ = {isa = PBXBuildFile; fileRef = 270343AB18A5B0F500B9C0D4 /* FDDataClient.h */; settings = {ATTRIBUTES = (Public, ); }; };
		2771CCCF19B7AC51008A198A /* FDDataClient.m in Sources */ = {isa = PBXBuildFile; fileRef = 270343AC18A5B0F500B9C0D4 /* FDDataClient.m */; };
		278E28F519CA030000C39747 /* libFDModel.a in Frameworks */ = {isa = PBXBuildFile; fileRef = 274B162019C6A90D00DFE310 /* libFDModel.a */; };
		27D0966319C257040052B91D /* FDDataClientDelegate.h in Headers */ = {isa = PBXBuildFile; fileRef = 275E7D7018A5C37B00D8BB82 /* FDDataClientDelegate.h */; settings = {ATTRIBUTES = (Public, ); }; };
		27D0966419C257040052B91D /* FDDataClient.h in Headers */ = {isa = PBXBuildFile; fileRef = 270343AB18A5B0F500B9C0D4 /* FDDataClient.h */; settings = {ATTRIBUTES = (Public, ); }; };
		27D0966519C257040052B91D /* FDDataClient.m in Sources */ = {isa = PBXBuildFile; fileRef = 270343AC18A5B0F500B9C0D4 /* FDDataClient.m */; };
/* End PBXBuildFile section */

/* Begin PBXContainerItemProxy section */
		271317BF19B7A0510062E978 /* PBXContainerItemProxy */ = {
			isa = PBXContainerItemProxy;
			containerPortal = 271317B919B7A0510062E978 /* FDRequestClient.xcodeproj */;
			proxyType = 2;
			remoteGlobalIDString = 27AE0F3616AD966A001F5771;
			remoteInfo = "FDRequestClient iOS";
		};
		271317C119B7A0510062E978 /* PBXContainerItemProxy */ = {
			isa = PBXContainerItemProxy;
			containerPortal = 271317B919B7A0510062E978 /* FDRequestClient.xcodeproj */;
			proxyType = 2;
			remoteGlobalIDString = 27F79D8919B7881A00E118DB;
			remoteInfo = "FDRequestClient OS X";
		};
		271317C319B7A0720062E978 /* PBXContainerItemProxy */ = {
			isa = PBXContainerItemProxy;
			containerPortal = 271317B919B7A0510062E978 /* FDRequestClient.xcodeproj */;
			proxyType = 1;
			remoteGlobalIDString = 27AE0F3516AD966A001F5771;
			remoteInfo = "FDRequestClient iOS";
		};
		274B161B19C6A90D00DFE310 /* PBXContainerItemProxy */ = {
			isa = PBXContainerItemProxy;
			containerPortal = 274B161419C6A90D00DFE310 /* FDModel.xcodeproj */;
			proxyType = 2;
			remoteGlobalIDString = 27759C6A19C69E98008D9F3E;
			remoteInfo = "FDModel iOS";
		};
		274B161D19C6A90D00DFE310 /* PBXContainerItemProxy */ = {
			isa = PBXContainerItemProxy;
			containerPortal = 274B161419C6A90D00DFE310 /* FDModel.xcodeproj */;
			proxyType = 2;
			remoteGlobalIDString = 27759C8919C69ECC008D9F3E;
			remoteInfo = "FDModel OS X";
		};
		274B161F19C6A90D00DFE310 /* PBXContainerItemProxy */ = {
			isa = PBXContainerItemProxy;
			containerPortal = 274B161419C6A90D00DFE310 /* FDModel.xcodeproj */;
			proxyType = 2;
			remoteGlobalIDString = 27A24B3F19C3C47C00BA5D33;
			remoteInfo = "FDModel iOS (Static)";
		};
		274B162119C6A91D00DFE310 /* PBXContainerItemProxy */ = {
			isa = PBXContainerItemProxy;
			containerPortal = 274B161419C6A90D00DFE310 /* FDModel.xcodeproj */;
			proxyType = 1;
			remoteGlobalIDString = 27759C6919C69E98008D9F3E;
			remoteInfo = "FDModel iOS";
		};
		274B162319C6A92300DFE310 /* PBXContainerItemProxy */ = {
			isa = PBXContainerItemProxy;
			containerPortal = 274B161419C6A90D00DFE310 /* FDModel.xcodeproj */;
			proxyType = 1;
			remoteGlobalIDString = 27759C8819C69ECC008D9F3E;
			remoteInfo = "FDModel OS X";
		};
		2771CCDE19B7B2DB008A198A /* PBXContainerItemProxy */ = {
			isa = PBXContainerItemProxy;
			containerPortal = 271317B919B7A0510062E978 /* FDRequestClient.xcodeproj */;
			proxyType = 1;
			remoteGlobalIDString = 27F79D8819B7881A00E118DB;
			remoteInfo = "FDRequestClient OS X";
		};
		278E28F219CA02FC00C39747 /* PBXContainerItemProxy */ = {
			isa = PBXContainerItemProxy;
			containerPortal = 274B161419C6A90D00DFE310 /* FDModel.xcodeproj */;
			proxyType = 1;
			remoteGlobalIDString = 27A24B3E19C3C47C00BA5D33;
			remoteInfo = "FDModel iOS (Static)";
		};
		27D0964419C255530052B91D /* PBXContainerItemProxy */ = {
			isa = PBXContainerItemProxy;
			containerPortal = 271317B919B7A0510062E978 /* FDRequestClient.xcodeproj */;
			proxyType = 2;
			remoteGlobalIDString = 2762725819BFB36600625CA4;
			remoteInfo = "FDRequestClient iOS";
		};
		27D0966E19C2571A0052B91D /* PBXContainerItemProxy */ = {
			isa = PBXContainerItemProxy;
			containerPortal = 271317B919B7A0510062E978 /* FDRequestClient.xcodeproj */;
			proxyType = 1;
			remoteGlobalIDString = 2762725719BFB36600625CA4;
			remoteInfo = "FDRequestClient iOS";
		};
/* End PBXContainerItemProxy section */

/* Begin PBXCopyFilesBuildPhase section */
		27D82F5118A5B083004A9D05 /* CopyFiles */ = {
			isa = PBXCopyFilesBuildPhase;
			buildActionMask = 2147483647;
			dstPath = "include/$(PRODUCT_NAME)";
			dstSubfolderSpec = 16;
			files = (
				275E7D7118A5C3D800D8BB82 /* FDDataClientDelegate.h in CopyFiles */,
				270343BF18A5B27600B9C0D4 /* FDDataClient.h in CopyFiles */,
			);
			runOnlyForDeploymentPostprocessing = 0;
		};
/* End PBXCopyFilesBuildPhase section */

/* Begin PBXFileReference section */
		270343AB18A5B0F500B9C0D4 /* FDDataClient.h */ = {isa = PBXFileReference; fileEncoding = 4; lastKnownFileType = sourcecode.c.h; path = FDDataClient.h; sourceTree = "<group>"; };
		270343AC18A5B0F500B9C0D4 /* FDDataClient.m */ = {isa = PBXFileReference; fileEncoding = 4; lastKnownFileType = sourcecode.c.objc; path = FDDataClient.m; sourceTree = "<group>"; };
		271317B919B7A0510062E978 /* FDRequestClient.xcodeproj */ = {isa = PBXFileReference; lastKnownFileType = "wrapper.pb-project"; name = FDRequestClient.xcodeproj; path = "FDRequestClient/Framework Project/FDRequestClient.xcodeproj"; sourceTree = "<group>"; };
		274B161419C6A90D00DFE310 /* FDModel.xcodeproj */ = {isa = PBXFileReference; lastKnownFileType = "wrapper.pb-project"; name = FDModel.xcodeproj; path = "FDModel/Framework Project/FDModel.xcodeproj"; sourceTree = "<group>"; };
		275E7D7018A5C37B00D8BB82 /* FDDataClientDelegate.h */ = {isa = PBXFileReference; lastKnownFileType = sourcecode.c.h; path = FDDataClientDelegate.h; sourceTree = "<group>"; };
		2771CCA119B7A97B008A198A /* FDDataClient.framework */ = {isa = PBXFileReference; explicitFileType = wrapper.framework; includeInIndex = 0; path = FDDataClient.framework; sourceTree = BUILT_PRODUCTS_DIR; };
		2771CCE419B7B339008A198A /* Info.plist */ = {isa = PBXFileReference; lastKnownFileType = text.plist.xml; path = Info.plist; sourceTree = "<group>"; };
		27D0964B19C255F50052B91D /* FDDataClient.framework */ = {isa = PBXFileReference; explicitFileType = wrapper.framework; includeInIndex = 0; path = FDDataClient.framework; sourceTree = BUILT_PRODUCTS_DIR; };
		27D0966219C256380052B91D /* Info.plist */ = {isa = PBXFileReference; lastKnownFileType = text.plist.xml; path = Info.plist; sourceTree = "<group>"; };
		27D82F5318A5B083004A9D05 /* libFDDataClient.a */ = {isa = PBXFileReference; explicitFileType = archive.ar; includeInIndex = 0; path = libFDDataClient.a; sourceTree = BUILT_PRODUCTS_DIR; };
/* End PBXFileReference section */

/* Begin PBXFrameworksBuildPhase section */
		2771CC9D19B7A97B008A198A /* Frameworks */ = {
			isa = PBXFrameworksBuildPhase;
			buildActionMask = 2147483647;
			files = (
			);
			runOnlyForDeploymentPostprocessing = 0;
		};
		27D0964719C255F50052B91D /* Frameworks */ = {
			isa = PBXFrameworksBuildPhase;
			buildActionMask = 2147483647;
			files = (
			);
			runOnlyForDeploymentPostprocessing = 0;
		};
		27D82F5018A5B083004A9D05 /* Frameworks */ = {
			isa = PBXFrameworksBuildPhase;
			buildActionMask = 2147483647;
			files = (
				278E28F519CA030000C39747 /* libFDModel.a in Frameworks */,
				271317C519B7A0750062E978 /* libFDRequestClient.a in Frameworks */,
			);
			runOnlyForDeploymentPostprocessing = 0;
		};
/* End PBXFrameworksBuildPhase section */

/* Begin PBXGroup section */
		270343AA18A5B0F500B9C0D4 /* FDDataClient */ = {
			isa = PBXGroup;
			children = (
				275E7D7018A5C37B00D8BB82 /* FDDataClientDelegate.h */,
				270343AB18A5B0F500B9C0D4 /* FDDataClient.h */,
				270343AC18A5B0F500B9C0D4 /* FDDataClient.m */,
			);
			name = FDDataClient;
			path = ../FDDataClient;
			sourceTree = "<group>";
		};
		270343B518A5B21E00B9C0D4 /* Vendors */ = {
			isa = PBXGroup;
			children = (
				274B161419C6A90D00DFE310 /* FDModel.xcodeproj */,
				271317B919B7A0510062E978 /* FDRequestClient.xcodeproj */,
			);
			name = Vendors;
			path = ../Vendors;
			sourceTree = "<group>";
		};
		271317BA19B7A0510062E978 /* Products */ = {
			isa = PBXGroup;
			children = (
				27D0964519C255530052B91D /* FDRequestClient.framework */,
				271317C219B7A0510062E978 /* FDRequestClient.framework */,
				271317C019B7A0510062E978 /* libFDRequestClient.a */,
			);
			name = Products;
			sourceTree = "<group>";
		};
		274B161519C6A90D00DFE310 /* Products */ = {
			isa = PBXGroup;
			children = (
				274B161C19C6A90D00DFE310 /* FDModel.framework */,
				274B161E19C6A90D00DFE310 /* FDModel.framework */,
				274B162019C6A90D00DFE310 /* libFDModel.a */,
			);
			name = Products;
			sourceTree = "<group>";
		};
		2771CCE319B7B339008A198A /* OS X Supporting Files */ = {
			isa = PBXGroup;
			children = (
				2771CCE419B7B339008A198A /* Info.plist */,
			);
			path = "OS X Supporting Files";
			sourceTree = "<group>";
		};
		27D0966119C256380052B91D /* iOS Supporting Files */ = {
			isa = PBXGroup;
			children = (
				27D0966219C256380052B91D /* Info.plist */,
			);
			path = "iOS Supporting Files";
			sourceTree = "<group>";
		};
		27D82F4A18A5B083004A9D05 = {
			isa = PBXGroup;
			children = (
				27D82F5818A5B083004A9D05 /* FDDataClient Framework */,
				27D82F5418A5B083004A9D05 /* Products */,
			);
			sourceTree = "<group>";
			usesTabs = 1;
		};
		27D82F5418A5B083004A9D05 /* Products */ = {
			isa = PBXGroup;
			children = (
				27D82F5318A5B083004A9D05 /* libFDDataClient.a */,
				2771CCA119B7A97B008A198A /* FDDataClient.framework */,
				27D0964B19C255F50052B91D /* FDDataClient.framework */,
			);
			name = Products;
			sourceTree = "<group>";
		};
		27D82F5818A5B083004A9D05 /* FDDataClient Framework */ = {
			isa = PBXGroup;
			children = (
				270343AA18A5B0F500B9C0D4 /* FDDataClient */,
				27D0966119C256380052B91D /* iOS Supporting Files */,
				2771CCE319B7B339008A198A /* OS X Supporting Files */,
				270343B518A5B21E00B9C0D4 /* Vendors */,
			);
			name = "FDDataClient Framework";
			sourceTree = "<group>";
		};
/* End PBXGroup section */

/* Begin PBXHeadersBuildPhase section */
		2771CC9E19B7A97B008A198A /* Headers */ = {
			isa = PBXHeadersBuildPhase;
			buildActionMask = 2147483647;
			files = (
				2771CCCD19B7AC51008A198A /* FDDataClientDelegate.h in Headers */,
				2771CCCE19B7AC51008A198A /* FDDataClient.h in Headers */,
			);
			runOnlyForDeploymentPostprocessing = 0;
		};
		27D0964819C255F50052B91D /* Headers */ = {
			isa = PBXHeadersBuildPhase;
			buildActionMask = 2147483647;
			files = (
				27D0966319C257040052B91D /* FDDataClientDelegate.h in Headers */,
				27D0966419C257040052B91D /* FDDataClient.h in Headers */,
			);
			runOnlyForDeploymentPostprocessing = 0;
		};
/* End PBXHeadersBuildPhase section */

/* Begin PBXNativeTarget section */
		2771CCA019B7A97B008A198A /* FDDataClient Mac */ = {
			isa = PBXNativeTarget;
			buildConfigurationList = 2771CCCB19B7A97B008A198A /* Build configuration list for PBXNativeTarget "FDDataClient Mac" */;
			buildPhases = (
				2771CC9C19B7A97B008A198A /* Sources */,
				2771CC9D19B7A97B008A198A /* Frameworks */,
				2771CC9E19B7A97B008A198A /* Headers */,
				2771CC9F19B7A97B008A198A /* Resources */,
			);
			buildRules = (
			);
			dependencies = (
				274B162419C6A92300DFE310 /* PBXTargetDependency */,
				2771CCDF19B7B2DB008A198A /* PBXTargetDependency */,
			);
			name = "FDDataClient Mac";
			productName = FDDataClient;
			productReference = 2771CCA119B7A97B008A198A /* FDDataClient.framework */;
			productType = "com.apple.product-type.framework";
		};
		27D0964A19C255F50052B91D /* FDDataClient iOS */ = {
			isa = PBXNativeTarget;
			buildConfigurationList = 27D0965B19C255F50052B91D /* Build configuration list for PBXNativeTarget "FDDataClient iOS" */;
			buildPhases = (
				27D0964619C255F50052B91D /* Sources */,
				27D0964719C255F50052B91D /* Frameworks */,
				27D0964819C255F50052B91D /* Headers */,
				27D0964919C255F50052B91D /* Resources */,
			);
			buildRules = (
			);
			dependencies = (
				274B162219C6A91D00DFE310 /* PBXTargetDependency */,
				27D0966F19C2571A0052B91D /* PBXTargetDependency */,
			);
			name = "FDDataClient iOS";
			productName = "FDDataClient iOS";
			productReference = 27D0964B19C255F50052B91D /* FDDataClient.framework */;
			productType = "com.apple.product-type.framework";
		};
		27D82F5218A5B083004A9D05 /* FDDataClient iOS (Static) */ = {
			isa = PBXNativeTarget;
			buildConfigurationList = 27D82F7618A5B083004A9D05 /* Build configuration list for PBXNativeTarget "FDDataClient iOS (Static)" */;
			buildPhases = (
				27D82F4F18A5B083004A9D05 /* Sources */,
				27D82F5018A5B083004A9D05 /* Frameworks */,
				27D82F5118A5B083004A9D05 /* CopyFiles */,
			);
			buildRules = (
			);
			dependencies = (
				278E28F319CA02FC00C39747 /* PBXTargetDependency */,
				271317C419B7A0720062E978 /* PBXTargetDependency */,
			);
			name = "FDDataClient iOS (Static)";
			productName = "FDDataClient Static Library";
			productReference = 27D82F5318A5B083004A9D05 /* libFDDataClient.a */;
			productType = "com.apple.product-type.library.static";
		};
/* End PBXNativeTarget section */

/* Begin PBXProject section */
		27D82F4B18A5B083004A9D05 /* Project object */ = {
			isa = PBXProject;
			attributes = {
				LastUpgradeCheck = 0600;
				ORGANIZATIONNAME = "Reid Main";
				TargetAttributes = {
					27D0964A19C255F50052B91D = {
						CreatedOnToolsVersion = 6.0;
					};
				};
			};
			buildConfigurationList = 27D82F4E18A5B083004A9D05 /* Build configuration list for PBXProject "FDDataClient" */;
			compatibilityVersion = "Xcode 3.2";
			developmentRegion = English;
			hasScannedForEncodings = 0;
			knownRegions = (
				en,
			);
			mainGroup = 27D82F4A18A5B083004A9D05;
			productRefGroup = 27D82F5418A5B083004A9D05 /* Products */;
			projectDirPath = "";
			projectReferences = (
				{
					ProductGroup = 274B161519C6A90D00DFE310 /* Products */;
					ProjectRef = 274B161419C6A90D00DFE310 /* FDModel.xcodeproj */;
				},
				{
					ProductGroup = 271317BA19B7A0510062E978 /* Products */;
					ProjectRef = 271317B919B7A0510062E978 /* FDRequestClient.xcodeproj */;
				},
			);
			projectRoot = "";
			targets = (
				27D0964A19C255F50052B91D /* FDDataClient iOS */,
				2771CCA019B7A97B008A198A /* FDDataClient Mac */,
				27D82F5218A5B083004A9D05 /* FDDataClient iOS (Static) */,
			);
		};
/* End PBXProject section */

/* Begin PBXReferenceProxy section */
		271317C019B7A0510062E978 /* libFDRequestClient.a */ = {
			isa = PBXReferenceProxy;
			fileType = archive.ar;
			path = libFDRequestClient.a;
			remoteRef = 271317BF19B7A0510062E978 /* PBXContainerItemProxy */;
			sourceTree = BUILT_PRODUCTS_DIR;
		};
		271317C219B7A0510062E978 /* FDRequestClient.framework */ = {
			isa = PBXReferenceProxy;
			fileType = wrapper.framework;
			path = FDRequestClient.framework;
			remoteRef = 271317C119B7A0510062E978 /* PBXContainerItemProxy */;
			sourceTree = BUILT_PRODUCTS_DIR;
		};
		274B161C19C6A90D00DFE310 /* FDModel.framework */ = {
			isa = PBXReferenceProxy;
			fileType = wrapper.framework;
			path = FDModel.framework;
			remoteRef = 274B161B19C6A90D00DFE310 /* PBXContainerItemProxy */;
			sourceTree = BUILT_PRODUCTS_DIR;
		};
		274B161E19C6A90D00DFE310 /* FDModel.framework */ = {
			isa = PBXReferenceProxy;
			fileType = wrapper.framework;
			path = FDModel.framework;
			remoteRef = 274B161D19C6A90D00DFE310 /* PBXContainerItemProxy */;
			sourceTree = BUILT_PRODUCTS_DIR;
		};
		274B162019C6A90D00DFE310 /* libFDModel.a */ = {
			isa = PBXReferenceProxy;
			fileType = archive.ar;
			path = libFDModel.a;
			remoteRef = 274B161F19C6A90D00DFE310 /* PBXContainerItemProxy */;
			sourceTree = BUILT_PRODUCTS_DIR;
		};
		27D0964519C255530052B91D /* FDRequestClient.framework */ = {
			isa = PBXReferenceProxy;
			fileType = wrapper.framework;
			path = FDRequestClient.framework;
			remoteRef = 27D0964419C255530052B91D /* PBXContainerItemProxy */;
			sourceTree = BUILT_PRODUCTS_DIR;
		};
/* End PBXReferenceProxy section */

/* Begin PBXResourcesBuildPhase section */
		2771CC9F19B7A97B008A198A /* Resources */ = {
			isa = PBXResourcesBuildPhase;
			buildActionMask = 2147483647;
			files = (
			);
			runOnlyForDeploymentPostprocessing = 0;
		};
		27D0964919C255F50052B91D /* Resources */ = {
			isa = PBXResourcesBuildPhase;
			buildActionMask = 2147483647;
			files = (
			);
			runOnlyForDeploymentPostprocessing = 0;
		};
/* End PBXResourcesBuildPhase section */

/* Begin PBXSourcesBuildPhase section */
		2771CC9C19B7A97B008A198A /* Sources */ = {
			isa = PBXSourcesBuildPhase;
			buildActionMask = 2147483647;
			files = (
				2771CCCF19B7AC51008A198A /* FDDataClient.m in Sources */,
			);
			runOnlyForDeploymentPostprocessing = 0;
		};
		27D0964619C255F50052B91D /* Sources */ = {
			isa = PBXSourcesBuildPhase;
			buildActionMask = 2147483647;
			files = (
				27D0966519C257040052B91D /* FDDataClient.m in Sources */,
			);
			runOnlyForDeploymentPostprocessing = 0;
		};
		27D82F4F18A5B083004A9D05 /* Sources */ = {
			isa = PBXSourcesBuildPhase;
			buildActionMask = 2147483647;
			files = (
				270343B118A5B12F00B9C0D4 /* FDDataClient.m in Sources */,
			);
			runOnlyForDeploymentPostprocessing = 0;
		};
/* End PBXSourcesBuildPhase section */

/* Begin PBXTargetDependency section */
		271317C419B7A0720062E978 /* PBXTargetDependency */ = {
			isa = PBXTargetDependency;
			name = "FDRequestClient iOS";
			targetProxy = 271317C319B7A0720062E978 /* PBXContainerItemProxy */;
		};
		274B162219C6A91D00DFE310 /* PBXTargetDependency */ = {
			isa = PBXTargetDependency;
			name = "FDModel iOS";
			targetProxy = 274B162119C6A91D00DFE310 /* PBXContainerItemProxy */;
		};
		274B162419C6A92300DFE310 /* PBXTargetDependency */ = {
			isa = PBXTargetDependency;
			name = "FDModel OS X";
			targetProxy = 274B162319C6A92300DFE310 /* PBXContainerItemProxy */;
		};
		2771CCDF19B7B2DB008A198A /* PBXTargetDependency */ = {
			isa = PBXTargetDependency;
			name = "FDRequestClient OS X";
			targetProxy = 2771CCDE19B7B2DB008A198A /* PBXContainerItemProxy */;
		};
		278E28F319CA02FC00C39747 /* PBXTargetDependency */ = {
			isa = PBXTargetDependency;
			name = "FDModel iOS (Static)";
			targetProxy = 278E28F219CA02FC00C39747 /* PBXContainerItemProxy */;
		};
		27D0966F19C2571A0052B91D /* PBXTargetDependency */ = {
			isa = PBXTargetDependency;
			name = "FDRequestClient iOS";
			targetProxy = 27D0966E19C2571A0052B91D /* PBXContainerItemProxy */;
		};
/* End PBXTargetDependency section */

/* Begin XCBuildConfiguration section */
		2771CCC619B7A97B008A198A /* Debug */ = {
			isa = XCBuildConfiguration;
			buildSettings = {
				COMBINE_HIDPI_IMAGES = YES;
				CURRENT_PROJECT_VERSION = 1;
				DEFINES_MODULE = YES;
				DYLIB_COMPATIBILITY_VERSION = 1;
				DYLIB_CURRENT_VERSION = 1;
				DYLIB_INSTALL_NAME_BASE = "@rpath";
				ENABLE_STRICT_OBJC_MSGSEND = YES;
				FRAMEWORK_VERSION = A;
				INFOPLIST_FILE = "OS X Supporting Files/Info.plist";
				LD_RUNPATH_SEARCH_PATHS = "$(inherited) @executable_path/Frameworks @loader_path/Frameworks";
				MACOSX_DEPLOYMENT_TARGET = 10.9;
				SDKROOT = macosx;
				VERSIONING_SYSTEM = "apple-generic";
				VERSION_INFO_PREFIX = "";
			};
			name = Debug;
		};
		2771CCC719B7A97B008A198A /* Release */ = {
			isa = XCBuildConfiguration;
			buildSettings = {
				COMBINE_HIDPI_IMAGES = YES;
				CURRENT_PROJECT_VERSION = 1;
				DEBUG_INFORMATION_FORMAT = "dwarf-with-dsym";
				DEFINES_MODULE = YES;
				DYLIB_COMPATIBILITY_VERSION = 1;
				DYLIB_CURRENT_VERSION = 1;
				DYLIB_INSTALL_NAME_BASE = "@rpath";
				ENABLE_STRICT_OBJC_MSGSEND = YES;
				FRAMEWORK_VERSION = A;
				INFOPLIST_FILE = "OS X Supporting Files/Info.plist";
				LD_RUNPATH_SEARCH_PATHS = "$(inherited) @executable_path/Frameworks @loader_path/Frameworks";
				MACOSX_DEPLOYMENT_TARGET = 10.9;
				SDKROOT = macosx;
				VERSIONING_SYSTEM = "apple-generic";
				VERSION_INFO_PREFIX = "";
			};
			name = Release;
		};
		27D0965C19C255F50052B91D /* Debug */ = {
			isa = XCBuildConfiguration;
			buildSettings = {
				CODE_SIGN_IDENTITY = "iPhone Developer";
				"CODE_SIGN_IDENTITY[sdk=iphoneos*]" = "iPhone Developer";
				CURRENT_PROJECT_VERSION = 1;
				DEFINES_MODULE = YES;
				DYLIB_COMPATIBILITY_VERSION = 1;
				DYLIB_CURRENT_VERSION = 1;
				DYLIB_INSTALL_NAME_BASE = "@rpath";
				ENABLE_STRICT_OBJC_MSGSEND = YES;
				INFOPLIST_FILE = "iOS Supporting Files/Info.plist";
				IPHONEOS_DEPLOYMENT_TARGET = 8.0;
				LD_RUNPATH_SEARCH_PATHS = "$(inherited) @executable_path/Frameworks @loader_path/Frameworks";
				SKIP_INSTALL = YES;
				VERSIONING_SYSTEM = "apple-generic";
				VERSION_INFO_PREFIX = "";
			};
			name = Debug;
		};
		27D0965D19C255F50052B91D /* Release */ = {
			isa = XCBuildConfiguration;
			buildSettings = {
				CODE_SIGN_IDENTITY = "iPhone Distribution";
				"CODE_SIGN_IDENTITY[sdk=iphoneos*]" = "iPhone Distribution";
				CURRENT_PROJECT_VERSION = 1;
				DEFINES_MODULE = YES;
				DYLIB_COMPATIBILITY_VERSION = 1;
				DYLIB_CURRENT_VERSION = 1;
				DYLIB_INSTALL_NAME_BASE = "@rpath";
				ENABLE_STRICT_OBJC_MSGSEND = YES;
				INFOPLIST_FILE = "iOS Supporting Files/Info.plist";
				IPHONEOS_DEPLOYMENT_TARGET = 8.0;
				LD_RUNPATH_SEARCH_PATHS = "$(inherited) @executable_path/Frameworks @loader_path/Frameworks";
				SKIP_INSTALL = YES;
				VERSIONING_SYSTEM = "apple-generic";
				VERSION_INFO_PREFIX = "";
			};
			name = Release;
		};
		27D82F7418A5B083004A9D05 /* Debug */ = {
			isa = XCBuildConfiguration;
			buildSettings = {
				ALWAYS_SEARCH_USER_PATHS = NO;
				CLANG_ENABLE_MODULES = YES;
				CLANG_ENABLE_OBJC_ARC = YES;
				CLANG_WARN_BOOL_CONVERSION = YES;
				CLANG_WARN_CONSTANT_CONVERSION = YES;
				CLANG_WARN_DIRECT_OBJC_ISA_USAGE = YES_ERROR;
				CLANG_WARN_EMPTY_BODY = YES;
				CLANG_WARN_ENUM_CONVERSION = YES;
				CLANG_WARN_INT_CONVERSION = YES;
				CLANG_WARN_OBJC_ROOT_CLASS = YES_ERROR;
				CLANG_WARN_UNREACHABLE_CODE = YES;
				CLANG_WARN__DUPLICATE_METHOD_MATCH = YES;
				COPY_PHASE_STRIP = NO;
				GCC_C_LANGUAGE_STANDARD = gnu99;
				GCC_DYNAMIC_NO_PIC = NO;
				GCC_OPTIMIZATION_LEVEL = 0;
				GCC_PREPROCESSOR_DEFINITIONS = DEBUG;
				GCC_SYMBOLS_PRIVATE_EXTERN = NO;
				GCC_WARN_64_TO_32_BIT_CONVERSION = YES;
				GCC_WARN_ABOUT_RETURN_TYPE = YES_ERROR;
				GCC_WARN_UNDECLARED_SELECTOR = YES;
				GCC_WARN_UNINITIALIZED_AUTOS = YES_AGGRESSIVE;
				GCC_WARN_UNUSED_FUNCTION = YES;
				GCC_WARN_UNUSED_VARIABLE = YES;
				IPHONEOS_DEPLOYMENT_TARGET = 7.0;
				PRODUCT_NAME = FDDataClient;
				SDKROOT = iphoneos;
				TARGETED_DEVICE_FAMILY = "1,2";
			};
			name = Debug;
		};
		27D82F7518A5B083004A9D05 /* Release */ = {
			isa = XCBuildConfiguration;
			buildSettings = {
				ALWAYS_SEARCH_USER_PATHS = NO;
				CLANG_ENABLE_MODULES = YES;
				CLANG_ENABLE_OBJC_ARC = YES;
				CLANG_WARN_BOOL_CONVERSION = YES;
				CLANG_WARN_CONSTANT_CONVERSION = YES;
				CLANG_WARN_DIRECT_OBJC_ISA_USAGE = YES_ERROR;
				CLANG_WARN_EMPTY_BODY = YES;
				CLANG_WARN_ENUM_CONVERSION = YES;
				CLANG_WARN_INT_CONVERSION = YES;
				CLANG_WARN_OBJC_ROOT_CLASS = YES_ERROR;
				CLANG_WARN_UNREACHABLE_CODE = YES;
				CLANG_WARN__DUPLICATE_METHOD_MATCH = YES;
				COPY_PHASE_STRIP = YES;
				ENABLE_NS_ASSERTIONS = NO;
				GCC_C_LANGUAGE_STANDARD = gnu99;
				GCC_WARN_64_TO_32_BIT_CONVERSION = YES;
				GCC_WARN_ABOUT_RETURN_TYPE = YES_ERROR;
				GCC_WARN_UNDECLARED_SELECTOR = YES;
				GCC_WARN_UNINITIALIZED_AUTOS = YES_AGGRESSIVE;
				GCC_WARN_UNUSED_FUNCTION = YES;
				GCC_WARN_UNUSED_VARIABLE = YES;
				IPHONEOS_DEPLOYMENT_TARGET = 7.0;
				PRODUCT_NAME = FDDataClient;
				SDKROOT = iphoneos;
				TARGETED_DEVICE_FAMILY = "1,2";
				VALIDATE_PRODUCT = YES;
			};
			name = Release;
		};
		27D82F7718A5B083004A9D05 /* Debug */ = {
			isa = XCBuildConfiguration;
			buildSettings = {
				OTHER_LDFLAGS = "-ObjC";
				SKIP_INSTALL = YES;
			};
			name = Debug;
		};
		27D82F7818A5B083004A9D05 /* Release */ = {
			isa = XCBuildConfiguration;
			buildSettings = {
				OTHER_LDFLAGS = "-ObjC";
				SKIP_INSTALL = YES;
			};
			name = Release;
		};
/* End XCBuildConfiguration section */

/* Begin XCConfigurationList section */
		2771CCCB19B7A97B008A198A /* Build configuration list for PBXNativeTarget "FDDataClient Mac" */ = {
			isa = XCConfigurationList;
			buildConfigurations = (
				2771CCC619B7A97B008A198A /* Debug */,
				2771CCC719B7A97B008A198A /* Release */,
			);
			defaultConfigurationIsVisible = 0;
			defaultConfigurationName = Release;
		};
		27D0965B19C255F50052B91D /* Build configuration list for PBXNativeTarget "FDDataClient iOS" */ = {
			isa = XCConfigurationList;
			buildConfigurations = (
				27D0965C19C255F50052B91D /* Debug */,
				27D0965D19C255F50052B91D /* Release */,
			);
			defaultConfigurationIsVisible = 0;
			defaultConfigurationName = Release;
		};
		27D82F4E18A5B083004A9D05 /* Build configuration list for PBXProject "FDDataClient" */ = {
			isa = XCConfigurationList;
			buildConfigurations = (
				27D82F7418A5B083004A9D05 /* Debug */,
				27D82F7518A5B083004A9D05 /* Release */,
			);
			defaultConfigurationIsVisible = 0;
			defaultConfigurationName = Release;
		};
		27D82F7618A5B083004A9D05 /* Build configuration list for PBXNativeTarget "FDDataClient iOS (Static)" */ = {
			isa = XCConfigurationList;
			buildConfigurations = (
				27D82F7718A5B083004A9D05 /* Debug */,
				27D82F7818A5B083004A9D05 /* Release */,
			);
			defaultConfigurationIsVisible = 0;
			defaultConfigurationName = Release;
		};
/* End XCConfigurationList section */
	};
	rootObject = 27D82F4B18A5B083004A9D05 /* Project object */;
}
