// !$*UTF8*$!
{
	archiveVersion = 1;
	classes = {
	};
	objectVersion = 46;
	objects = {

/* Begin PBXBuildFile section */
		270343B118A5B12F00B9C0D4 /* FDDataClient.m in Sources */ = {isa = PBXBuildFile; fileRef = 270343AC18A5B0F500B9C0D4 /* FDDataClient.m */; };
		270343B218A5B13100B9C0D4 /* FDModel.m in Sources */ = {isa = PBXBuildFile; fileRef = 270343AE18A5B0F500B9C0D4 /* FDModel.m */; };
		270343BE18A5B25D00B9C0D4 /* libFDRequestClient.a in Frameworks */ = {isa = PBXBuildFile; fileRef = 270343BB18A5B24D00B9C0D4 /* libFDRequestClient.a */; };
		270343BF18A5B27600B9C0D4 /* FDDataClient.h in CopyFiles */ = {isa = PBXBuildFile; fileRef = 270343AB18A5B0F500B9C0D4 /* FDDataClient.h */; };
		270343C018A5B27600B9C0D4 /* FDModel.h in CopyFiles */ = {isa = PBXBuildFile; fileRef = 270343AD18A5B0F500B9C0D4 /* FDModel.h */; };
		2740637118A9A75100BB8206 /* FDDeclaredProperty.h in CopyFiles */ = {isa = PBXBuildFile; fileRef = 27F9215518A9A2AA00686D64 /* FDDeclaredProperty.h */; };
		2740637218A9A75400BB8206 /* NSObject+PropertyType.h in CopyFiles */ = {isa = PBXBuildFile; fileRef = 27F9215218A9A29800686D64 /* NSObject+PropertyType.h */; };
		275E7D7118A5C3D800D8BB82 /* FDDataClientDelegate.h in CopyFiles */ = {isa = PBXBuildFile; fileRef = 275E7D7018A5C37B00D8BB82 /* FDDataClientDelegate.h */; };
		27B3A10518B002020008E1E0 /* FDWeakMutableDictionary.m in Sources */ = {isa = PBXBuildFile; fileRef = 27B3A10418B002020008E1E0 /* FDWeakMutableDictionary.m */; };
		27B3A10818B004940008E1E0 /* FDWeakReference.m in Sources */ = {isa = PBXBuildFile; fileRef = 27B3A10718B004940008E1E0 /* FDWeakReference.m */; };
		27B3A10918B006E70008E1E0 /* FDWeakReference.h in CopyFiles */ = {isa = PBXBuildFile; fileRef = 27B3A10618B004940008E1E0 /* FDWeakReference.h */; };
		27B3A10A18B006E70008E1E0 /* FDWeakMutableDictionary.h in CopyFiles */ = {isa = PBXBuildFile; fileRef = 27B3A10318B002020008E1E0 /* FDWeakMutableDictionary.h */; };
		27D82F5718A5B083004A9D05 /* Foundation.framework in Frameworks */ = {isa = PBXBuildFile; fileRef = 27D82F5618A5B083004A9D05 /* Foundation.framework */; };
		27F9215418A9A29800686D64 /* NSObject+PropertyType.m in Sources */ = {isa = PBXBuildFile; fileRef = 27F9215318A9A29800686D64 /* NSObject+PropertyType.m */; };
		27F9215718A9A2AA00686D64 /* FDDeclaredProperty.m in Sources */ = {isa = PBXBuildFile; fileRef = 27F9215618A9A2AA00686D64 /* FDDeclaredProperty.m */; };
/* End PBXBuildFile section */

/* Begin PBXContainerItemProxy section */
		270343BA18A5B24D00B9C0D4 /* PBXContainerItemProxy */ = {
			isa = PBXContainerItemProxy;
			containerPortal = 270343B618A5B24C00B9C0D4 /* FDRequestClient Static Library.xcodeproj */;
			proxyType = 2;
			remoteGlobalIDString = 27AE0F3616AD966A001F5771;
			remoteInfo = FDRequestClient;
		};
		270343BC18A5B25800B9C0D4 /* PBXContainerItemProxy */ = {
			isa = PBXContainerItemProxy;
			containerPortal = 270343B618A5B24C00B9C0D4 /* FDRequestClient Static Library.xcodeproj */;
			proxyType = 1;
			remoteGlobalIDString = 27AE0F3516AD966A001F5771;
			remoteInfo = FDRequestClient;
		};
/* End PBXContainerItemProxy section */

/* Begin PBXCopyFilesBuildPhase section */
		27D82F5118A5B083004A9D05 /* CopyFiles */ = {
			isa = PBXCopyFilesBuildPhase;
			buildActionMask = 2147483647;
			dstPath = "include/$(PRODUCT_NAME)";
			dstSubfolderSpec = 16;
			files = (
				27B3A10918B006E70008E1E0 /* FDWeakReference.h in CopyFiles */,
				27B3A10A18B006E70008E1E0 /* FDWeakMutableDictionary.h in CopyFiles */,
				2740637218A9A75400BB8206 /* NSObject+PropertyType.h in CopyFiles */,
				2740637118A9A75100BB8206 /* FDDeclaredProperty.h in CopyFiles */,
				275E7D7118A5C3D800D8BB82 /* FDDataClientDelegate.h in CopyFiles */,
				270343BF18A5B27600B9C0D4 /* FDDataClient.h in CopyFiles */,
				270343C018A5B27600B9C0D4 /* FDModel.h in CopyFiles */,
			);
			runOnlyForDeploymentPostprocessing = 0;
		};
/* End PBXCopyFilesBuildPhase section */

/* Begin PBXFileReference section */
		270343AB18A5B0F500B9C0D4 /* FDDataClient.h */ = {isa = PBXFileReference; fileEncoding = 4; lastKnownFileType = sourcecode.c.h; path = FDDataClient.h; sourceTree = "<group>"; };
		270343AC18A5B0F500B9C0D4 /* FDDataClient.m */ = {isa = PBXFileReference; fileEncoding = 4; lastKnownFileType = sourcecode.c.objc; path = FDDataClient.m; sourceTree = "<group>"; };
		270343AD18A5B0F500B9C0D4 /* FDModel.h */ = {isa = PBXFileReference; fileEncoding = 4; lastKnownFileType = sourcecode.c.h; path = FDModel.h; sourceTree = "<group>"; };
		270343AE18A5B0F500B9C0D4 /* FDModel.m */ = {isa = PBXFileReference; fileEncoding = 4; lastKnownFileType = sourcecode.c.objc; path = FDModel.m; sourceTree = "<group>"; };
		270343B618A5B24C00B9C0D4 /* FDRequestClient Static Library.xcodeproj */ = {isa = PBXFileReference; lastKnownFileType = "wrapper.pb-project"; name = "FDRequestClient Static Library.xcodeproj"; path = "FDRequestClient/Static Library Project/FDRequestClient Static Library.xcodeproj"; sourceTree = "<group>"; };
		275E7D7018A5C37B00D8BB82 /* FDDataClientDelegate.h */ = {isa = PBXFileReference; lastKnownFileType = sourcecode.c.h; path = FDDataClientDelegate.h; sourceTree = "<group>"; };
		27B3A10318B002020008E1E0 /* FDWeakMutableDictionary.h */ = {isa = PBXFileReference; fileEncoding = 4; lastKnownFileType = sourcecode.c.h; path = FDWeakMutableDictionary.h; sourceTree = "<group>"; };
		27B3A10418B002020008E1E0 /* FDWeakMutableDictionary.m */ = {isa = PBXFileReference; fileEncoding = 4; lastKnownFileType = sourcecode.c.objc; path = FDWeakMutableDictionary.m; sourceTree = "<group>"; };
		27B3A10618B004940008E1E0 /* FDWeakReference.h */ = {isa = PBXFileReference; fileEncoding = 4; lastKnownFileType = sourcecode.c.h; path = FDWeakReference.h; sourceTree = "<group>"; };
		27B3A10718B004940008E1E0 /* FDWeakReference.m */ = {isa = PBXFileReference; fileEncoding = 4; lastKnownFileType = sourcecode.c.objc; path = FDWeakReference.m; sourceTree = "<group>"; };
		27D82F5318A5B083004A9D05 /* libFDDataClient.a */ = {isa = PBXFileReference; explicitFileType = archive.ar; includeInIndex = 0; path = libFDDataClient.a; sourceTree = BUILT_PRODUCTS_DIR; };
		27D82F5618A5B083004A9D05 /* Foundation.framework */ = {isa = PBXFileReference; lastKnownFileType = wrapper.framework; name = Foundation.framework; path = System/Library/Frameworks/Foundation.framework; sourceTree = SDKROOT; };
		27D82F5A18A5B083004A9D05 /* Prefix.pch */ = {isa = PBXFileReference; lastKnownFileType = sourcecode.c.h; path = Prefix.pch; sourceTree = "<group>"; };
		27F9215218A9A29800686D64 /* NSObject+PropertyType.h */ = {isa = PBXFileReference; fileEncoding = 4; lastKnownFileType = sourcecode.c.h; path = "NSObject+PropertyType.h"; sourceTree = "<group>"; };
		27F9215318A9A29800686D64 /* NSObject+PropertyType.m */ = {isa = PBXFileReference; fileEncoding = 4; lastKnownFileType = sourcecode.c.objc; path = "NSObject+PropertyType.m"; sourceTree = "<group>"; };
		27F9215518A9A2AA00686D64 /* FDDeclaredProperty.h */ = {isa = PBXFileReference; fileEncoding = 4; lastKnownFileType = sourcecode.c.h; path = FDDeclaredProperty.h; sourceTree = "<group>"; };
		27F9215618A9A2AA00686D64 /* FDDeclaredProperty.m */ = {isa = PBXFileReference; fileEncoding = 4; lastKnownFileType = sourcecode.c.objc; path = FDDeclaredProperty.m; sourceTree = "<group>"; };
/* End PBXFileReference section */

/* Begin PBXFrameworksBuildPhase section */
		27D82F5018A5B083004A9D05 /* Frameworks */ = {
			isa = PBXFrameworksBuildPhase;
			buildActionMask = 2147483647;
			files = (
				27D82F5718A5B083004A9D05 /* Foundation.framework in Frameworks */,
				270343BE18A5B25D00B9C0D4 /* libFDRequestClient.a in Frameworks */,
			);
			runOnlyForDeploymentPostprocessing = 0;
		};
/* End PBXFrameworksBuildPhase section */

/* Begin PBXGroup section */
		270343AA18A5B0F500B9C0D4 /* FDDataClient */ = {
			isa = PBXGroup;
			children = (
				27B3A10618B004940008E1E0 /* FDWeakReference.h */,
				27B3A10718B004940008E1E0 /* FDWeakReference.m */,
				27B3A10318B002020008E1E0 /* FDWeakMutableDictionary.h */,
				27B3A10418B002020008E1E0 /* FDWeakMutableDictionary.m */,
				27F9215518A9A2AA00686D64 /* FDDeclaredProperty.h */,
				27F9215618A9A2AA00686D64 /* FDDeclaredProperty.m */,
				27F9215218A9A29800686D64 /* NSObject+PropertyType.h */,
				27F9215318A9A29800686D64 /* NSObject+PropertyType.m */,
				275E7D7018A5C37B00D8BB82 /* FDDataClientDelegate.h */,
				270343AB18A5B0F500B9C0D4 /* FDDataClient.h */,
				270343AC18A5B0F500B9C0D4 /* FDDataClient.m */,
				270343AD18A5B0F500B9C0D4 /* FDModel.h */,
				270343AE18A5B0F500B9C0D4 /* FDModel.m */,
			);
			name = FDDataClient;
			path = ../../FDDataClient;
			sourceTree = "<group>";
		};
		270343B518A5B21E00B9C0D4 /* Vendors */ = {
			isa = PBXGroup;
			children = (
				270343B618A5B24C00B9C0D4 /* FDRequestClient Static Library.xcodeproj */,
			);
			name = Vendors;
			path = ../../Vendors;
			sourceTree = "<group>";
		};
		270343B718A5B24C00B9C0D4 /* Products */ = {
			isa = PBXGroup;
			children = (
				270343BB18A5B24D00B9C0D4 /* libFDRequestClient.a */,
			);
			name = Products;
			sourceTree = "<group>";
		};
		27D82F4A18A5B083004A9D05 = {
			isa = PBXGroup;
			children = (
				27D82F5818A5B083004A9D05 /* FDDataClient Static Library */,
				27D82F5518A5B083004A9D05 /* Frameworks */,
				27D82F5418A5B083004A9D05 /* Products */,
			);
			sourceTree = "<group>";
		};
		27D82F5418A5B083004A9D05 /* Products */ = {
			isa = PBXGroup;
			children = (
				27D82F5318A5B083004A9D05 /* libFDDataClient.a */,
			);
			name = Products;
			sourceTree = "<group>";
		};
		27D82F5518A5B083004A9D05 /* Frameworks */ = {
			isa = PBXGroup;
			children = (
				27D82F5618A5B083004A9D05 /* Foundation.framework */,
			);
			name = Frameworks;
			sourceTree = "<group>";
		};
		27D82F5818A5B083004A9D05 /* FDDataClient Static Library */ = {
			isa = PBXGroup;
			children = (
				270343AA18A5B0F500B9C0D4 /* FDDataClient */,
				270343B518A5B21E00B9C0D4 /* Vendors */,
				27D82F5918A5B083004A9D05 /* Supporting Files */,
			);
			path = "FDDataClient Static Library";
			sourceTree = "<group>";
		};
		27D82F5918A5B083004A9D05 /* Supporting Files */ = {
			isa = PBXGroup;
			children = (
				27D82F5A18A5B083004A9D05 /* Prefix.pch */,
			);
			path = "Supporting Files";
			sourceTree = "<group>";
		};
/* End PBXGroup section */

/* Begin PBXNativeTarget section */
		27D82F5218A5B083004A9D05 /* FDDataClient */ = {
			isa = PBXNativeTarget;
			buildConfigurationList = 27D82F7618A5B083004A9D05 /* Build configuration list for PBXNativeTarget "FDDataClient" */;
			buildPhases = (
				27D82F4F18A5B083004A9D05 /* Sources */,
				27D82F5018A5B083004A9D05 /* Frameworks */,
				27D82F5118A5B083004A9D05 /* CopyFiles */,
			);
			buildRules = (
			);
			dependencies = (
				270343BD18A5B25800B9C0D4 /* PBXTargetDependency */,
			);
			name = FDDataClient;
			productName = "FDDataClient Static Library";
			productReference = 27D82F5318A5B083004A9D05 /* libFDDataClient.a */;
			productType = "com.apple.product-type.library.static";
		};
/* End PBXNativeTarget section */

/* Begin PBXProject section */
		27D82F4B18A5B083004A9D05 /* Project object */ = {
			isa = PBXProject;
			attributes = {
				LastUpgradeCheck = 0500;
				ORGANIZATIONNAME = "Reid Main";
			};
			buildConfigurationList = 27D82F4E18A5B083004A9D05 /* Build configuration list for PBXProject "FDDataClient Static Library" */;
			compatibilityVersion = "Xcode 3.2";
			developmentRegion = English;
			hasScannedForEncodings = 0;
			knownRegions = (
				en,
			);
			mainGroup = 27D82F4A18A5B083004A9D05;
			productRefGroup = 27D82F5418A5B083004A9D05 /* Products */;
			projectDirPath = "";
			projectReferences = (
				{
					ProductGroup = 270343B718A5B24C00B9C0D4 /* Products */;
					ProjectRef = 270343B618A5B24C00B9C0D4 /* FDRequestClient Static Library.xcodeproj */;
				},
			);
			projectRoot = "";
			targets = (
				27D82F5218A5B083004A9D05 /* FDDataClient */,
			);
		};
/* End PBXProject section */

/* Begin PBXReferenceProxy section */
		270343BB18A5B24D00B9C0D4 /* libFDRequestClient.a */ = {
			isa = PBXReferenceProxy;
			fileType = archive.ar;
			path = libFDRequestClient.a;
			remoteRef = 270343BA18A5B24D00B9C0D4 /* PBXContainerItemProxy */;
			sourceTree = BUILT_PRODUCTS_DIR;
		};
/* End PBXReferenceProxy section */

/* Begin PBXSourcesBuildPhase section */
		27D82F4F18A5B083004A9D05 /* Sources */ = {
			isa = PBXSourcesBuildPhase;
			buildActionMask = 2147483647;
			files = (
				27F9215418A9A29800686D64 /* NSObject+PropertyType.m in Sources */,
				270343B118A5B12F00B9C0D4 /* FDDataClient.m in Sources */,
				27F9215718A9A2AA00686D64 /* FDDeclaredProperty.m in Sources */,
				27B3A10518B002020008E1E0 /* FDWeakMutableDictionary.m in Sources */,
				270343B218A5B13100B9C0D4 /* FDModel.m in Sources */,
				27B3A10818B004940008E1E0 /* FDWeakReference.m in Sources */,
			);
			runOnlyForDeploymentPostprocessing = 0;
		};
/* End PBXSourcesBuildPhase section */

/* Begin PBXTargetDependency section */
		270343BD18A5B25800B9C0D4 /* PBXTargetDependency */ = {
			isa = PBXTargetDependency;
			name = FDRequestClient;
			targetProxy = 270343BC18A5B25800B9C0D4 /* PBXContainerItemProxy */;
		};
/* End PBXTargetDependency section */

/* Begin XCBuildConfiguration section */
		27D82F7418A5B083004A9D05 /* Debug */ = {
			isa = XCBuildConfiguration;
			buildSettings = {
				ALWAYS_SEARCH_USER_PATHS = NO;
				ARCHS = "$(ARCHS_STANDARD_INCLUDING_64_BIT)";
				CLANG_ENABLE_MODULES = YES;
				CLANG_ENABLE_OBJC_ARC = YES;
				CLANG_WARN_BOOL_CONVERSION = YES;
				CLANG_WARN_CONSTANT_CONVERSION = YES;
				CLANG_WARN_DIRECT_OBJC_ISA_USAGE = YES_ERROR;
				CLANG_WARN_EMPTY_BODY = YES;
				CLANG_WARN_ENUM_CONVERSION = YES;
				CLANG_WARN_INT_CONVERSION = YES;
				CLANG_WARN_OBJC_ROOT_CLASS = YES_ERROR;
				CLANG_WARN__DUPLICATE_METHOD_MATCH = YES;
				COPY_PHASE_STRIP = NO;
				GCC_C_LANGUAGE_STANDARD = gnu99;
				GCC_DYNAMIC_NO_PIC = NO;
				GCC_OPTIMIZATION_LEVEL = 0;
				GCC_PREPROCESSOR_DEFINITIONS = DEBUG;
				GCC_SYMBOLS_PRIVATE_EXTERN = NO;
				GCC_WARN_64_TO_32_BIT_CONVERSION = YES;
				GCC_WARN_ABOUT_RETURN_TYPE = YES_ERROR;
				GCC_WARN_UNDECLARED_SELECTOR = YES;
				GCC_WARN_UNINITIALIZED_AUTOS = YES;
				GCC_WARN_UNUSED_FUNCTION = YES;
				GCC_WARN_UNUSED_VARIABLE = YES;
				IPHONEOS_DEPLOYMENT_TARGET = 7.0;
				ONLY_ACTIVE_ARCH = YES;
				SDKROOT = iphoneos;
			};
			name = Debug;
		};
		27D82F7518A5B083004A9D05 /* Release */ = {
			isa = XCBuildConfiguration;
			buildSettings = {
				ALWAYS_SEARCH_USER_PATHS = NO;
				ARCHS = "$(ARCHS_STANDARD_INCLUDING_64_BIT)";
				CLANG_ENABLE_MODULES = YES;
				CLANG_ENABLE_OBJC_ARC = YES;
				CLANG_WARN_BOOL_CONVERSION = YES;
				CLANG_WARN_CONSTANT_CONVERSION = YES;
				CLANG_WARN_DIRECT_OBJC_ISA_USAGE = YES_ERROR;
				CLANG_WARN_EMPTY_BODY = YES;
				CLANG_WARN_ENUM_CONVERSION = YES;
				CLANG_WARN_INT_CONVERSION = YES;
				CLANG_WARN_OBJC_ROOT_CLASS = YES_ERROR;
				CLANG_WARN__DUPLICATE_METHOD_MATCH = YES;
				COPY_PHASE_STRIP = YES;
				ENABLE_NS_ASSERTIONS = NO;
				GCC_C_LANGUAGE_STANDARD = gnu99;
				GCC_WARN_64_TO_32_BIT_CONVERSION = YES;
				GCC_WARN_ABOUT_RETURN_TYPE = YES_ERROR;
				GCC_WARN_UNDECLARED_SELECTOR = YES;
				GCC_WARN_UNINITIALIZED_AUTOS = YES;
				GCC_WARN_UNUSED_FUNCTION = YES;
				GCC_WARN_UNUSED_VARIABLE = YES;
				IPHONEOS_DEPLOYMENT_TARGET = 7.0;
				SDKROOT = iphoneos;
				VALIDATE_PRODUCT = YES;
			};
			name = Release;
		};
		27D82F7718A5B083004A9D05 /* Debug */ = {
			isa = XCBuildConfiguration;
			buildSettings = {
				GCC_PRECOMPILE_PREFIX_HEADER = YES;
				GCC_PREFIX_HEADER = "FDDataClient Static Library/Supporting Files/Prefix.pch";
				OTHER_LDFLAGS = "-ObjC";
				PRODUCT_NAME = "$(TARGET_NAME)";
				SKIP_INSTALL = YES;
			};
			name = Debug;
		};
		27D82F7818A5B083004A9D05 /* Release */ = {
			isa = XCBuildConfiguration;
			buildSettings = {
				GCC_PRECOMPILE_PREFIX_HEADER = YES;
				GCC_PREFIX_HEADER = "FDDataClient Static Library/Supporting Files/Prefix.pch";
				OTHER_LDFLAGS = "-ObjC";
				PRODUCT_NAME = "$(TARGET_NAME)";
				SKIP_INSTALL = YES;
			};
			name = Release;
		};
/* End XCBuildConfiguration section */

/* Begin XCConfigurationList section */
		27D82F4E18A5B083004A9D05 /* Build configuration list for PBXProject "FDDataClient Static Library" */ = {
			isa = XCConfigurationList;
			buildConfigurations = (
				27D82F7418A5B083004A9D05 /* Debug */,
				27D82F7518A5B083004A9D05 /* Release */,
			);
			defaultConfigurationIsVisible = 0;
			defaultConfigurationName = Release;
		};
		27D82F7618A5B083004A9D05 /* Build configuration list for PBXNativeTarget "FDDataClient" */ = {
			isa = XCConfigurationList;
			buildConfigurations = (
				27D82F7718A5B083004A9D05 /* Debug */,
				27D82F7818A5B083004A9D05 /* Release */,
			);
			defaultConfigurationIsVisible = 0;
			defaultConfigurationName = Release;
		};
/* End XCConfigurationList section */
	};
	rootObject = 27D82F4B18A5B083004A9D05 /* Project object */;
}
